memo = "007981fdc5c0c070f834be9d8d23a31b09afc413fba3292d25537c9dbd138097"

[[projects]]
  branch = "master"
  name = "github.com/Shopify/sarama"
  packages = ["."]
  revision = "d4ece5d05a86b2b64248f4943f872bea961ec835"

[[projects]]
  branch = "master"
  name = "github.com/bsm/sarama-cluster"
  packages = ["."]
  revision = "2ae74ad075d4f088751b8c074f7e88c1020d7687"

[[projects]]
  branch = "master"
  name = "github.com/davecgh/go-spew"
  packages = ["spew"]
  revision = "346938d642f2ec3594ed81d874461961cd0faa76"

[[projects]]
  branch = "master"
  name = "github.com/dearcode/crab"
  packages = ["cache"]
  revision = "8550abdacb8e73336844d1b7669c79c8e65279cc"

[[projects]]
  branch = "master"
  name = "github.com/eapache/go-resiliency"
  packages = ["breaker"]
  revision = "b86b1ec0dd4209a588dc1285cdd471e73525c0b3"

[[projects]]
  branch = "master"
  name = "github.com/eapache/go-xerial-snappy"
  packages = ["."]
  revision = "bb955e01b9346ac19dc29eb16586c90ded99a98c"

[[projects]]
  branch = "master"
  name = "github.com/eapache/queue"
  packages = ["."]
  revision = "44cc805cf13205b55f69e14bcb69867d1ae92f98"

[[projects]]
  branch = "master"
  name = "github.com/golang/glog"
  packages = ["."]
  revision = "23def4e6c14b4da8ac2ed8007337bc5eb5007998"

[[projects]]
  branch = "master"
  name = "github.com/golang/protobuf"
  packages = ["proto","ptypes/any"]
  revision = "2bba0603135d7d7f5cb73b2125beeda19c09f4ef"

[[projects]]
  branch = "master"
  name = "github.com/golang/snappy"
  packages = ["."]
  revision = "553a641470496b2327abcac10b36396bd98e45c9"

[[projects]]
  branch = "master"
  name = "github.com/google/go-genproto"
  packages = ["googleapis/rpc/status"]
  revision = "411e09b969b1170a9f0c467558eb4c4c110d9c77"

[[projects]]
  branch = "master"
  name = "github.com/juju/errors"
  packages = ["."]
  revision = "6f54ff6318409d31ff16261533ce2c8381a4fd5d"

[[projects]]
  branch = "master"
  name = "github.com/klauspost/crc32"
  packages = ["."]
  revision = "1bab8b35b6bb565f92cbc97939610af9369f942a"

[[projects]]
  branch = "master"
  name = "github.com/pierrec/lz4"
  packages = ["."]
  revision = "f5b77fd73d83122495309c0f459b810f83cc291f"

[[projects]]
  branch = "master"
  name = "github.com/pierrec/xxHash"
  packages = ["xxHash32"]
  revision = "5a004441f897722c627870a981d02b29924215fa"

[[projects]]
  branch = "master"
  name = "github.com/rcrowley/go-metrics"
  packages = ["."]
  revision = "1f30fe9094a513ce4c700b9a54458bbb0c96996c"

[[projects]]
  branch = "master"
  name = "github.com/youtube/vitess"
  packages = ["go/event","go/hack","go/sqltypes","go/tb","go/vt/logutil","go/vt/proto/logutil","go/vt/proto/query","go/vt/proto/topodata","go/vt/proto/vtgate","go/vt/proto/vtrpc","go/vt/sqlparser","go/vt/utils","go/vt/vterrors"]
  revision = "a5372cb19bd10e5a858b8b91544636bde86cb130"

[[projects]]
  branch = "master"
  name = "github.com/zssky/Mole"
  packages = ["models/sms"]
  revision = "3a41e84c692f8a0f5e359d5549f4479721f9b0b9"

[[projects]]
  branch = "master"
  name = "github.com/zssky/log"
  packages = ["."]
  revision = "c191741c80b644271233876acace772d6eb07248"

[[projects]]
  branch = "master"
  name = "github.com/zssky/tc"
  packages = [".","cityhash","http"]
  revision = "4f7e2fa8ebc08d8bdd5830fc92da2b85799dd419"

[[projects]]
  branch = "master"
  name = "golang.org/x/net"
  packages = ["context","http2","http2/hpack","idna","internal/timeseries","lex/httplex","trace"]
  revision = "ffcf1bedda3b04ebb15a168a59800a73d6dc0f4d"

[[projects]]
  branch = "master"
  name = "golang.org/x/text"
  packages = ["internal/gen","internal/triegen","internal/ucd","secure/bidirule","transform","unicode/bidi","unicode/cldr","unicode/norm","unicode/rangetable"]
  revision = "f4b4367115ec2de254587813edaa901bc1c723a8"

[[projects]]
  branch = "master"
  name = "google.golang.org/grpc"
  packages = [".","codes","credentials","grpclog","internal","keepalive","metadata","naming","peer","stats","status","tap","transport"]
  revision = "b5071124392bfd416c713e6595ac149b387f7186"

[[projects]]
  branch = "v3"
  name = "gopkg.in/alexcesaro/quotedprintable.v3"
  packages = ["."]
  revision = "2caba252f4dc53eaf6b553000885530023f54623"

[[projects]]
  branch = "master"
  name = "gopkg.in/gomail.v2"
  packages = ["."]
  revision = "81ebce5c23dfd25c6c67194b37d3dd3f338c98b1"
